
Microsoft Visual Studio Solution File, Format Version 12.00
# Visual Studio Version 17
VisualStudioVersion = 17.6.33801.468
MinimumVisualStudioVersion = 10.0.40219.1
Project("{FAE04EC0-301F-11D3-BF4B-00C04F79EFBC}") = "StoreInventaory 2.0", "StoreInventaory 2.0.csproj", "{EE5D6F32-822E-46F6-A4B1-713918E8BD64}"
EndProject
Global
	GlobalSection(SolutionConfigurationPlatforms) = preSolution
		Debug|Any CPU = Debug|Any CPU
		Release|Any CPU = Release|Any CPU
	EndGlobalSection
	GlobalSection(ProjectConfigurationPlatforms) = postSolution
		{EE5D6F32-822E-46F6-A4B1-713918E8BD64}.Debug|Any CPU.ActiveCfg = Debug|Any CPU
		{EE5D6F32-822E-46F6-A4B1-713918E8BD64}.Debug|Any CPU.Build.0 = Debug|Any CPU
		{EE5D6F32-822E-46F6-A4B1-713918E8BD64}.Release|Any CPU.ActiveCfg = Release|Any CPU
		{EE5D6F32-822E-46F6-A4B1-713918E8BD64}.Release|Any CPU.Build.0 = Release|Any CPU
	EndGlobalSection
	GlobalSection(SolutionProperties) = preSolution
		HideSolutionNode = FALSE
	EndGlobalSection
	GlobalSection(ExtensibilityGlobals) = postSolution
		SolutionGuid = {ABA9CE3F-7DE1-41ED-84DB-A96CFB6FB791}
	EndGlobalSection
EndGlobal
